<?xml version="1.0" encoding="UTF-8"?>
<Scheme
   LastUpgradeVersion = "1010"
   version = "1.3">
   <BuildAction
      parallelizeBuildables = "YES"
      buildImplicitDependencies = "YES">
      <BuildActionEntries>
         <BuildActionEntry
            buildForTesting = "YES"
            buildForRunning = "YES"
            buildForProfiling = "YES"
            buildForArchiving = "YES"
            buildForAnalyzing = "YES">
            <BuildableReference
               BuildableIdentifier = "primary"
               BlueprintIdentifier = "7155F7A122121A71007E5B1E"
               BuildableName = "HW1"
               BlueprintName = "HW1"
               ReferencedContainer = "container:HW1.xcodeproj">
            </BuildableReference>
         </BuildActionEntry>
      </BuildActionEntries>
   </BuildAction>
   <TestAction
      buildConfiguration = "Debug"
      selectedDebuggerIdentifier = "Xcode.DebuggerFoundation.Debugger.LLDB"
      selectedLauncherIdentifier = "Xcode.DebuggerFoundation.Launcher.LLDB"
      shouldUseLaunchSchemeArgsEnv = "YES">
      <Testables>
      </Testables>
      <MacroExpansion>
         <BuildableReference
            BuildableIdentifier = "primary"
            BlueprintIdentifier = "7155F7A122121A71007E5B1E"
            BuildableName = "HW1"
            BlueprintName = "HW1"
            ReferencedContainer = "container:HW1.xcodeproj">
         </BuildableReference>
      </MacroExpansion>
      <AdditionalOptions>
      </AdditionalOptions>
   </TestAction>
   <LaunchAction
      buildConfiguration = "Debug"
      selectedDebuggerIdentifier = "Xcode.DebuggerFoundation.Debugger.LLDB"
      selectedLauncherIdentifier = "Xcode.DebuggerFoundation.Launcher.LLDB"
      launchStyle = "0"
      useCustomWorkingDirectory = "NO"
      ignoresPersistentStateOnLaunch = "NO"
      debugDocumentVersioning = "YES"
      debugServiceExtension = "internal"
      allowLocationSimulation = "YES">
      <BuildableProductRunnable
         runnableDebuggingMode = "0">
         <BuildableReference
            BuildableIdentifier = "primary"
            BlueprintIdentifier = "7155F7A122121A71007E5B1E"
            BuildableName = "HW1"
            BlueprintName = "HW1"
            ReferencedContainer = "container:HW1.xcodeproj">
         </BuildableReference>
      </BuildableProductRunnable>
      <CommandLineArguments>
         <CommandLineArgument
            argument = "10 10 0"
            isEnabled = "NO">
         </CommandLineArgument>
         <CommandLineArgument
            argument = "500000 10 0"
            isEnabled = "NO">
         </CommandLineArgument>
         <CommandLineArgument
            argument = "250000 10 0"
            isEnabled = "NO">
         </CommandLineArgument>
         <CommandLineArgument
            argument = "250000 25 0"
            isEnabled = "NO">
         </CommandLineArgument>
         <CommandLineArgument
            argument = "250000 50 0"
            isEnabled = "NO">
         </CommandLineArgument>
         <CommandLineArgument
            argument = "50000 10 0"
            isEnabled = "NO">
         </CommandLineArgument>
         <CommandLineArgument
            argument = "50000 25 0"
            isEnabled = "NO">
         </CommandLineArgument>
         <CommandLineArgument
            argument = "50000 50 0"
            isEnabled = "NO">
         </CommandLineArgument>
         <CommandLineArgument
            argument = "100000 10 0"
            isEnabled = "NO">
         </CommandLineArgument>
         <CommandLineArgument
            argument = "100000 25 0"
            isEnabled = "NO">
         </CommandLineArgument>
         <CommandLineArgument
            argument = "100000 50 0"
            isEnabled = "NO">
         </CommandLineArgument>
         <CommandLineArgument
            argument = "25000 50 0"
            isEnabled = "NO">
         </CommandLineArgument>
         <CommandLineArgument
            argument = "10000 50 0"
            isEnabled = "NO">
         </CommandLineArgument>
         <CommandLineArgument
            argument = "10000 10 0"
            isEnabled = "NO">
         </CommandLineArgument>
         <CommandLineArgument
            argument = "25000 10 0"
            isEnabled = "NO">
         </CommandLineArgument>
         <CommandLineArgument
            argument = "10000 25 0"
            isEnabled = "NO">
         </CommandLineArgument>
         <CommandLineArgument
            argument = "5 2 0"
            isEnabled = "YES">
         </CommandLineArgument>
         <CommandLineArgument
            argument = "25000 25 0"
            isEnabled = "NO">
         </CommandLineArgument>
      </CommandLineArguments>
      <AdditionalOptions>
      </AdditionalOptions>
   </LaunchAction>
   <ProfileAction
      buildConfiguration = "Release"
      shouldUseLaunchSchemeArgsEnv = "YES"
      savedToolIdentifier = ""
      useCustomWorkingDirectory = "NO"
      debugDocumentVersioning = "YES">
      <BuildableProductRunnable
         runnableDebuggingMode = "0">
         <BuildableReference
            BuildableIdentifier = "primary"
            BlueprintIdentifier = "7155F7A122121A71007E5B1E"
            BuildableName = "HW1"
            BlueprintName = "HW1"
            ReferencedContainer = "container:HW1.xcodeproj">
         </BuildableReference>
      </BuildableProductRunnable>
   </ProfileAction>
   <AnalyzeAction
      buildConfiguration = "Debug">
   </AnalyzeAction>
   <ArchiveAction
      buildConfiguration = "Release"
      revealArchiveInOrganizer = "YES">
   </ArchiveAction>
</Scheme>
